
Microsoft Visual Studio Solution File, Format Version 12.00
# Visual Studio Version 17
VisualStudioVersion = 17.8.34525.116
MinimumVisualStudioVersion = 10.0.40219.1
Project("{FAE04EC0-301F-11D3-BF4B-00C04F79EFBC}") = "Program3", "Program3.csproj", "{8F7B602E-30AD-4F8B-B714-1B20E2B923A2}"
EndProject
Global
	GlobalSection(SolutionConfigurationPlatforms) = preSolution
		Debug|Any CPU = Debug|Any CPU
		Release|Any CPU = Release|Any CPU
	EndGlobalSection
	GlobalSection(ProjectConfigurationPlatforms) = postSolution
		{8F7B602E-30AD-4F8B-B714-1B20E2B923A2}.Debug|Any CPU.ActiveCfg = Debug|Any CPU
		{8F7B602E-30AD-4F8B-B714-1B20E2B923A2}.Debug|Any CPU.Build.0 = Debug|Any CPU
		{8F7B602E-30AD-4F8B-B714-1B20E2B923A2}.Release|Any CPU.ActiveCfg = Release|Any CPU
		{8F7B602E-30AD-4F8B-B714-1B20E2B923A2}.Release|Any CPU.Build.0 = Release|Any CPU
	EndGlobalSection
	GlobalSection(SolutionProperties) = preSolution
		HideSolutionNode = FALSE
	EndGlobalSection
	GlobalSection(ExtensibilityGlobals) = postSolution
		SolutionGuid = {78088E81-2B16-46A3-8766-08BE1B0DEEE6}
	EndGlobalSection
EndGlobal
