
Microsoft Visual Studio Solution File, Format Version 12.00
# Visual Studio Version 17
VisualStudioVersion = 17.8.34525.116
MinimumVisualStudioVersion = 10.0.40219.1
Project("{FAE04EC0-301F-11D3-BF4B-00C04F79EFBC}") = "Program4", "Program4.csproj", "{590B323B-54F5-427F-AB31-CFFF958C88C1}"
EndProject
Global
	GlobalSection(SolutionConfigurationPlatforms) = preSolution
		Debug|Any CPU = Debug|Any CPU
		Release|Any CPU = Release|Any CPU
	EndGlobalSection
	GlobalSection(ProjectConfigurationPlatforms) = postSolution
		{590B323B-54F5-427F-AB31-CFFF958C88C1}.Debug|Any CPU.ActiveCfg = Debug|Any CPU
		{590B323B-54F5-427F-AB31-CFFF958C88C1}.Debug|Any CPU.Build.0 = Debug|Any CPU
		{590B323B-54F5-427F-AB31-CFFF958C88C1}.Release|Any CPU.ActiveCfg = Release|Any CPU
		{590B323B-54F5-427F-AB31-CFFF958C88C1}.Release|Any CPU.Build.0 = Release|Any CPU
	EndGlobalSection
	GlobalSection(SolutionProperties) = preSolution
		HideSolutionNode = FALSE
	EndGlobalSection
	GlobalSection(ExtensibilityGlobals) = postSolution
		SolutionGuid = {44E31A03-E2C6-40B3-8B47-0D4A8CC10423}
	EndGlobalSection
EndGlobal
