
Microsoft Visual Studio Solution File, Format Version 12.00
# Visual Studio Version 17
VisualStudioVersion = 17.8.34525.116
MinimumVisualStudioVersion = 10.0.40219.1
Project("{FAE04EC0-301F-11D3-BF4B-00C04F79EFBC}") = "Program4", "Program4.csproj", "{FF803E31-6D59-45E7-867C-CF64E70040DA}"
EndProject
Global
	GlobalSection(SolutionConfigurationPlatforms) = preSolution
		Debug|Any CPU = Debug|Any CPU
		Release|Any CPU = Release|Any CPU
	EndGlobalSection
	GlobalSection(ProjectConfigurationPlatforms) = postSolution
		{FF803E31-6D59-45E7-867C-CF64E70040DA}.Debug|Any CPU.ActiveCfg = Debug|Any CPU
		{FF803E31-6D59-45E7-867C-CF64E70040DA}.Debug|Any CPU.Build.0 = Debug|Any CPU
		{FF803E31-6D59-45E7-867C-CF64E70040DA}.Release|Any CPU.ActiveCfg = Release|Any CPU
		{FF803E31-6D59-45E7-867C-CF64E70040DA}.Release|Any CPU.Build.0 = Release|Any CPU
	EndGlobalSection
	GlobalSection(SolutionProperties) = preSolution
		HideSolutionNode = FALSE
	EndGlobalSection
	GlobalSection(ExtensibilityGlobals) = postSolution
		SolutionGuid = {3F085307-230E-4D2F-B90C-8863F29D9A9D}
	EndGlobalSection
EndGlobal
