
Microsoft Visual Studio Solution File, Format Version 12.00
# Visual Studio Version 17
VisualStudioVersion = 17.8.34525.116
MinimumVisualStudioVersion = 10.0.40219.1
Project("{FAE04EC0-301F-11D3-BF4B-00C04F79EFBC}") = "Program4", "Program4.csproj", "{CA39F1A6-A684-4D01-9388-A18E2D0B87E3}"
EndProject
Global
	GlobalSection(SolutionConfigurationPlatforms) = preSolution
		Debug|Any CPU = Debug|Any CPU
		Release|Any CPU = Release|Any CPU
	EndGlobalSection
	GlobalSection(ProjectConfigurationPlatforms) = postSolution
		{CA39F1A6-A684-4D01-9388-A18E2D0B87E3}.Debug|Any CPU.ActiveCfg = Debug|Any CPU
		{CA39F1A6-A684-4D01-9388-A18E2D0B87E3}.Debug|Any CPU.Build.0 = Debug|Any CPU
		{CA39F1A6-A684-4D01-9388-A18E2D0B87E3}.Release|Any CPU.ActiveCfg = Release|Any CPU
		{CA39F1A6-A684-4D01-9388-A18E2D0B87E3}.Release|Any CPU.Build.0 = Release|Any CPU
	EndGlobalSection
	GlobalSection(SolutionProperties) = preSolution
		HideSolutionNode = FALSE
	EndGlobalSection
	GlobalSection(ExtensibilityGlobals) = postSolution
		SolutionGuid = {2389BA09-CEB5-43A3-B922-EBAE32C93AB4}
	EndGlobalSection
EndGlobal
