
Microsoft Visual Studio Solution File, Format Version 12.00
# Visual Studio Version 17
VisualStudioVersion = 17.8.34525.116
MinimumVisualStudioVersion = 10.0.40219.1
Project("{FAE04EC0-301F-11D3-BF4B-00C04F79EFBC}") = "Program6", "Program6.csproj", "{CF0510C1-65FD-486D-90DA-3F2759CA0536}"
EndProject
Global
	GlobalSection(SolutionConfigurationPlatforms) = preSolution
		Debug|Any CPU = Debug|Any CPU
		Release|Any CPU = Release|Any CPU
	EndGlobalSection
	GlobalSection(ProjectConfigurationPlatforms) = postSolution
		{CF0510C1-65FD-486D-90DA-3F2759CA0536}.Debug|Any CPU.ActiveCfg = Debug|Any CPU
		{CF0510C1-65FD-486D-90DA-3F2759CA0536}.Debug|Any CPU.Build.0 = Debug|Any CPU
		{CF0510C1-65FD-486D-90DA-3F2759CA0536}.Release|Any CPU.ActiveCfg = Release|Any CPU
		{CF0510C1-65FD-486D-90DA-3F2759CA0536}.Release|Any CPU.Build.0 = Release|Any CPU
	EndGlobalSection
	GlobalSection(SolutionProperties) = preSolution
		HideSolutionNode = FALSE
	EndGlobalSection
	GlobalSection(ExtensibilityGlobals) = postSolution
		SolutionGuid = {8A632DB7-0523-49EE-9E69-71F5117C1EE4}
	EndGlobalSection
EndGlobal
