
Microsoft Visual Studio Solution File, Format Version 12.00
# Visual Studio Version 17
VisualStudioVersion = 17.8.34525.116
MinimumVisualStudioVersion = 10.0.40219.1
Project("{FAE04EC0-301F-11D3-BF4B-00C04F79EFBC}") = "Program7", "Program7.csproj", "{CE47760B-4C0A-461D-8C5A-9FFC68BEB1A1}"
EndProject
Global
	GlobalSection(SolutionConfigurationPlatforms) = preSolution
		Debug|Any CPU = Debug|Any CPU
		Release|Any CPU = Release|Any CPU
	EndGlobalSection
	GlobalSection(ProjectConfigurationPlatforms) = postSolution
		{CE47760B-4C0A-461D-8C5A-9FFC68BEB1A1}.Debug|Any CPU.ActiveCfg = Debug|Any CPU
		{CE47760B-4C0A-461D-8C5A-9FFC68BEB1A1}.Debug|Any CPU.Build.0 = Debug|Any CPU
		{CE47760B-4C0A-461D-8C5A-9FFC68BEB1A1}.Release|Any CPU.ActiveCfg = Release|Any CPU
		{CE47760B-4C0A-461D-8C5A-9FFC68BEB1A1}.Release|Any CPU.Build.0 = Release|Any CPU
	EndGlobalSection
	GlobalSection(SolutionProperties) = preSolution
		HideSolutionNode = FALSE
	EndGlobalSection
	GlobalSection(ExtensibilityGlobals) = postSolution
		SolutionGuid = {45B7FDA7-EEF4-40CD-8AD9-F6E1478E7917}
	EndGlobalSection
EndGlobal
